
Microsoft Visual Studio Solution File, Format Version 12.00
# Visual Studio Version 16
VisualStudioVersion = 16.0.29009.5
MinimumVisualStudioVersion = 10.0.40219.1
Project("{888888A0-9F3D-457C-B088-3A5042F75D52}") = "FileEmulator", "FileEmulator.pyproj", "{FC745ABD-1CAA-4946-B5CD-7D9CB0A1A856}"
EndProject
Global
	GlobalSection(SolutionConfigurationPlatforms) = preSolution
		Debug|Any CPU = Debug|Any CPU
		Release|Any CPU = Release|Any CPU
	EndGlobalSection
	GlobalSection(ProjectConfigurationPlatforms) = postSolution
		{FC745ABD-1CAA-4946-B5CD-7D9CB0A1A856}.Debug|Any CPU.ActiveCfg = Debug|Any CPU
		{FC745ABD-1CAA-4946-B5CD-7D9CB0A1A856}.Release|Any CPU.ActiveCfg = Release|Any CPU
	EndGlobalSection
	GlobalSection(SolutionProperties) = preSolution
		HideSolutionNode = FALSE
	EndGlobalSection
	GlobalSection(ExtensibilityGlobals) = postSolution
		SolutionGuid = {25396457-A446-4B9B-930C-3B585050FFB8}
	EndGlobalSection
EndGlobal
